
Microsoft Visual Studio Solution File, Format Version 12.00
# Visual Studio 2012
Project("{FAE04EC0-301F-11D3-BF4B-00C04F79EFBC}") = "GameBase", "GameBase.csproj", "{C297026C-C53A-4355-A861-DD6D3938DC93}"
EndProject
Global
	GlobalSection(SolutionConfigurationPlatforms) = preSolution
		Debug|Any CPU = Debug|Any CPU
		Release|Any CPU = Release|Any CPU
	EndGlobalSection
	GlobalSection(ProjectConfigurationPlatforms) = postSolution
		{C297026C-C53A-4355-A861-DD6D3938DC93}.Debug|Any CPU.ActiveCfg = Debug|Any CPU
		{C297026C-C53A-4355-A861-DD6D3938DC93}.Debug|Any CPU.Build.0 = Debug|Any CPU
		{C297026C-C53A-4355-A861-DD6D3938DC93}.Release|Any CPU.ActiveCfg = Release|Any CPU
		{C297026C-C53A-4355-A861-DD6D3938DC93}.Release|Any CPU.Build.0 = Release|Any CPU
	EndGlobalSection
	GlobalSection(SolutionProperties) = preSolution
		HideSolutionNode = FALSE
	EndGlobalSection
EndGlobal
